# @generated by Move, please check-in and do not edit manually.

[move]
version = 2
manifest_digest = "7904C0309C0F65D2F07399F39EEF1ED3D7B418682131EF8AD3072DA445AD5756"
deps_digest = "F8BBB0CCB2491CA29A3DF03D6F92277A4F3574266507ACD77214D37ECA3F3082"
dependencies = [
  { name = "Sui" },
]

[[move.package]]
name = "MoveStdlib"
source = { git = "https://github.com/MystenLabs/sui.git", rev = "framework/testnet", subdir = "crates/sui-framework/packages/move-stdlib" }

[[move.package]]
name = "Sui"
source = { git = "https://github.com/MystenLabs/sui.git", rev = "framework/testnet", subdir = "crates/sui-framework/packages/sui-framework" }

dependencies = [
  { name = "MoveStdlib" },
]

[move.toolchain-version]
compiler-version = "1.31.1"
edition = "2024.beta"
flavor = "sui"

[env]

[env.mainnet]
chain-id = "35834a8a"
original-published-id = "0xdb9375fd88007e02834c2ee7fdd9955df46f03275d8a643bbf6aa9e02fdadf6b"
latest-published-id = "0xdb9375fd88007e02834c2ee7fdd9955df46f03275d8a643bbf6aa9e02fdadf6b"
published-version = "1"
